
Microsoft Visual Studio Solution File, Format Version 12.00
# Visual Studio Version 17
VisualStudioVersion = 17.12.35527.113
MinimumVisualStudioVersion = 10.0.40219.1
Project("{FAE04EC0-301F-11D3-BF4B-00C04F79EFBC}") = "BooksProject", "BooksProject\BooksProject.csproj", "{EDD88D96-8189-422C-9AC2-CC3127DD5F2F}"
EndProject
Project("{FAE04EC0-301F-11D3-BF4B-00C04F79EFBC}") = "Common", "Common\Common.csproj", "{6E684091-8C5D-4DB3-BB19-76A0104B11F3}"
EndProject
Project("{FAE04EC0-301F-11D3-BF4B-00C04F79EFBC}") = "Tests", "Tests\Tests.csproj", "{FC5C24E0-E597-494B-A6CA-CDA99133752A}"
EndProject
Global
	GlobalSection(SolutionConfigurationPlatforms) = preSolution
		Debug|Any CPU = Debug|Any CPU
		Release|Any CPU = Release|Any CPU
	EndGlobalSection
	GlobalSection(ProjectConfigurationPlatforms) = postSolution
		{EDD88D96-8189-422C-9AC2-CC3127DD5F2F}.Debug|Any CPU.ActiveCfg = Debug|Any CPU
		{EDD88D96-8189-422C-9AC2-CC3127DD5F2F}.Debug|Any CPU.Build.0 = Debug|Any CPU
		{EDD88D96-8189-422C-9AC2-CC3127DD5F2F}.Release|Any CPU.ActiveCfg = Release|Any CPU
		{EDD88D96-8189-422C-9AC2-CC3127DD5F2F}.Release|Any CPU.Build.0 = Release|Any CPU
		{6E684091-8C5D-4DB3-BB19-76A0104B11F3}.Debug|Any CPU.ActiveCfg = Debug|Any CPU
		{6E684091-8C5D-4DB3-BB19-76A0104B11F3}.Debug|Any CPU.Build.0 = Debug|Any CPU
		{6E684091-8C5D-4DB3-BB19-76A0104B11F3}.Release|Any CPU.ActiveCfg = Release|Any CPU
		{6E684091-8C5D-4DB3-BB19-76A0104B11F3}.Release|Any CPU.Build.0 = Release|Any CPU
		{FC5C24E0-E597-494B-A6CA-CDA99133752A}.Debug|Any CPU.ActiveCfg = Debug|Any CPU
		{FC5C24E0-E597-494B-A6CA-CDA99133752A}.Debug|Any CPU.Build.0 = Debug|Any CPU
		{FC5C24E0-E597-494B-A6CA-CDA99133752A}.Release|Any CPU.ActiveCfg = Release|Any CPU
		{FC5C24E0-E597-494B-A6CA-CDA99133752A}.Release|Any CPU.Build.0 = Release|Any CPU
	EndGlobalSection
	GlobalSection(SolutionProperties) = preSolution
		HideSolutionNode = FALSE
	EndGlobalSection
EndGlobal
